
Microsoft Visual Studio Solution File, Format Version 12.00
# Visual Studio 15
VisualStudioVersion = 15.0.28307.1500
MinimumVisualStudioVersion = 10.0.40219.1
Project("{FAE04EC0-301F-11D3-BF4B-00C04F79EFBC}") = "APLICACION 1", "APLICACION 1\APLICACION 1.csproj", "{C088E45E-069B-4D69-B05F-FC91D57C9DFC}"
EndProject
Global
	GlobalSection(SolutionConfigurationPlatforms) = preSolution
		Debug|Any CPU = Debug|Any CPU
		Release|Any CPU = Release|Any CPU
	EndGlobalSection
	GlobalSection(ProjectConfigurationPlatforms) = postSolution
		{C088E45E-069B-4D69-B05F-FC91D57C9DFC}.Debug|Any CPU.ActiveCfg = Debug|Any CPU
		{C088E45E-069B-4D69-B05F-FC91D57C9DFC}.Debug|Any CPU.Build.0 = Debug|Any CPU
		{C088E45E-069B-4D69-B05F-FC91D57C9DFC}.Release|Any CPU.ActiveCfg = Release|Any CPU
		{C088E45E-069B-4D69-B05F-FC91D57C9DFC}.Release|Any CPU.Build.0 = Release|Any CPU
	EndGlobalSection
	GlobalSection(SolutionProperties) = preSolution
		HideSolutionNode = FALSE
	EndGlobalSection
	GlobalSection(ExtensibilityGlobals) = postSolution
		SolutionGuid = {AE4DC1F5-0C08-42DF-96F8-2D96DD314B44}
	EndGlobalSection
EndGlobal
